
Microsoft Visual Studio Solution File, Format Version 12.00
# Visual Studio 2013
VisualStudioVersion = 12.0.30501.0
MinimumVisualStudioVersion = 10.0.40219.1
Project("{FAE04EC0-301F-11D3-BF4B-00C04F79EFBC}") = "Singleton", "Singleton\Singleton.csproj", "{1B443E59-889A-4452-854A-A402522E1615}"
EndProject
Project("{FAE04EC0-301F-11D3-BF4B-00C04F79EFBC}") = "Adaptor", "Adaptor\Adaptor.csproj", "{365B8CB5-6929-428E-AF36-3BEBA1E33522}"
EndProject
Project("{FAE04EC0-301F-11D3-BF4B-00C04F79EFBC}") = "Bridge", "Bridge\Bridge.csproj", "{11379209-C482-46F5-854B-17F3DC96494D}"
EndProject
Project("{FAE04EC0-301F-11D3-BF4B-00C04F79EFBC}") = "Observer", "Observer\Observer.csproj", "{8C91AB8E-E764-4FFD-A552-268692814E10}"
EndProject
Project("{FAE04EC0-301F-11D3-BF4B-00C04F79EFBC}") = "Mediator", "Mediator\Mediator.csproj", "{F1FD2F65-533D-4AA5-AFAB-75E4F7717778}"
EndProject
Project("{FAE04EC0-301F-11D3-BF4B-00C04F79EFBC}") = "Factory", "Factory\Factory.csproj", "{763AC51D-F71F-4DB8-A6E5-0DE689F9DFD4}"
EndProject
Project("{FAE04EC0-301F-11D3-BF4B-00C04F79EFBC}") = "Composite", "Composite\Composite.csproj", "{7F52F430-7992-4BAE-A999-6F318482C8DF}"
EndProject
Project("{FAE04EC0-301F-11D3-BF4B-00C04F79EFBC}") = "State", "State\State.csproj", "{1CFAFEE4-6B78-4F21-B651-7B002A6981C4}"
EndProject
Project("{FAE04EC0-301F-11D3-BF4B-00C04F79EFBC}") = "Visitor", "Visitor\Visitor.csproj", "{6831956D-E7A1-48FB-82C3-E8BAA5FC2342}"
EndProject
Project("{FAE04EC0-301F-11D3-BF4B-00C04F79EFBC}") = "Strategy", "Strategy\Strategy.csproj", "{21DFA87F-6EEC-41A9-83D3-3918F785B00A}"
EndProject
Project("{FAE04EC0-301F-11D3-BF4B-00C04F79EFBC}") = "AbstractFactory", "AbstractFactory\AbstractFactory.csproj", "{AD849225-32C5-4F3C-ACFB-7855D959F3CF}"
EndProject
Project("{FAE04EC0-301F-11D3-BF4B-00C04F79EFBC}") = "Template", "Template\Template.csproj", "{D2053E17-DC34-4271-8913-38E291A979B2}"
EndProject
Global
	GlobalSection(SolutionConfigurationPlatforms) = preSolution
		Debug|Any CPU = Debug|Any CPU
		Release|Any CPU = Release|Any CPU
	EndGlobalSection
	GlobalSection(ProjectConfigurationPlatforms) = postSolution
		{1B443E59-889A-4452-854A-A402522E1615}.Debug|Any CPU.ActiveCfg = Debug|Any CPU
		{1B443E59-889A-4452-854A-A402522E1615}.Debug|Any CPU.Build.0 = Debug|Any CPU
		{1B443E59-889A-4452-854A-A402522E1615}.Release|Any CPU.ActiveCfg = Release|Any CPU
		{1B443E59-889A-4452-854A-A402522E1615}.Release|Any CPU.Build.0 = Release|Any CPU
		{365B8CB5-6929-428E-AF36-3BEBA1E33522}.Debug|Any CPU.ActiveCfg = Debug|Any CPU
		{365B8CB5-6929-428E-AF36-3BEBA1E33522}.Debug|Any CPU.Build.0 = Debug|Any CPU
		{365B8CB5-6929-428E-AF36-3BEBA1E33522}.Release|Any CPU.ActiveCfg = Release|Any CPU
		{365B8CB5-6929-428E-AF36-3BEBA1E33522}.Release|Any CPU.Build.0 = Release|Any CPU
		{11379209-C482-46F5-854B-17F3DC96494D}.Debug|Any CPU.ActiveCfg = Debug|Any CPU
		{11379209-C482-46F5-854B-17F3DC96494D}.Debug|Any CPU.Build.0 = Debug|Any CPU
		{11379209-C482-46F5-854B-17F3DC96494D}.Release|Any CPU.ActiveCfg = Release|Any CPU
		{11379209-C482-46F5-854B-17F3DC96494D}.Release|Any CPU.Build.0 = Release|Any CPU
		{8C91AB8E-E764-4FFD-A552-268692814E10}.Debug|Any CPU.ActiveCfg = Debug|Any CPU
		{8C91AB8E-E764-4FFD-A552-268692814E10}.Debug|Any CPU.Build.0 = Debug|Any CPU
		{8C91AB8E-E764-4FFD-A552-268692814E10}.Release|Any CPU.ActiveCfg = Release|Any CPU
		{8C91AB8E-E764-4FFD-A552-268692814E10}.Release|Any CPU.Build.0 = Release|Any CPU
		{F1FD2F65-533D-4AA5-AFAB-75E4F7717778}.Debug|Any CPU.ActiveCfg = Debug|Any CPU
		{F1FD2F65-533D-4AA5-AFAB-75E4F7717778}.Debug|Any CPU.Build.0 = Debug|Any CPU
		{F1FD2F65-533D-4AA5-AFAB-75E4F7717778}.Release|Any CPU.ActiveCfg = Release|Any CPU
		{F1FD2F65-533D-4AA5-AFAB-75E4F7717778}.Release|Any CPU.Build.0 = Release|Any CPU
		{763AC51D-F71F-4DB8-A6E5-0DE689F9DFD4}.Debug|Any CPU.ActiveCfg = Debug|Any CPU
		{763AC51D-F71F-4DB8-A6E5-0DE689F9DFD4}.Debug|Any CPU.Build.0 = Debug|Any CPU
		{763AC51D-F71F-4DB8-A6E5-0DE689F9DFD4}.Release|Any CPU.ActiveCfg = Release|Any CPU
		{763AC51D-F71F-4DB8-A6E5-0DE689F9DFD4}.Release|Any CPU.Build.0 = Release|Any CPU
		{7F52F430-7992-4BAE-A999-6F318482C8DF}.Debug|Any CPU.ActiveCfg = Debug|Any CPU
		{7F52F430-7992-4BAE-A999-6F318482C8DF}.Debug|Any CPU.Build.0 = Debug|Any CPU
		{7F52F430-7992-4BAE-A999-6F318482C8DF}.Release|Any CPU.ActiveCfg = Release|Any CPU
		{7F52F430-7992-4BAE-A999-6F318482C8DF}.Release|Any CPU.Build.0 = Release|Any CPU
		{1CFAFEE4-6B78-4F21-B651-7B002A6981C4}.Debug|Any CPU.ActiveCfg = Debug|Any CPU
		{1CFAFEE4-6B78-4F21-B651-7B002A6981C4}.Debug|Any CPU.Build.0 = Debug|Any CPU
		{1CFAFEE4-6B78-4F21-B651-7B002A6981C4}.Release|Any CPU.ActiveCfg = Release|Any CPU
		{1CFAFEE4-6B78-4F21-B651-7B002A6981C4}.Release|Any CPU.Build.0 = Release|Any CPU
		{6831956D-E7A1-48FB-82C3-E8BAA5FC2342}.Debug|Any CPU.ActiveCfg = Debug|Any CPU
		{6831956D-E7A1-48FB-82C3-E8BAA5FC2342}.Debug|Any CPU.Build.0 = Debug|Any CPU
		{6831956D-E7A1-48FB-82C3-E8BAA5FC2342}.Release|Any CPU.ActiveCfg = Release|Any CPU
		{6831956D-E7A1-48FB-82C3-E8BAA5FC2342}.Release|Any CPU.Build.0 = Release|Any CPU
		{21DFA87F-6EEC-41A9-83D3-3918F785B00A}.Debug|Any CPU.ActiveCfg = Debug|Any CPU
		{21DFA87F-6EEC-41A9-83D3-3918F785B00A}.Debug|Any CPU.Build.0 = Debug|Any CPU
		{21DFA87F-6EEC-41A9-83D3-3918F785B00A}.Release|Any CPU.ActiveCfg = Release|Any CPU
		{21DFA87F-6EEC-41A9-83D3-3918F785B00A}.Release|Any CPU.Build.0 = Release|Any CPU
		{AD849225-32C5-4F3C-ACFB-7855D959F3CF}.Debug|Any CPU.ActiveCfg = Debug|Any CPU
		{AD849225-32C5-4F3C-ACFB-7855D959F3CF}.Debug|Any CPU.Build.0 = Debug|Any CPU
		{AD849225-32C5-4F3C-ACFB-7855D959F3CF}.Release|Any CPU.ActiveCfg = Release|Any CPU
		{AD849225-32C5-4F3C-ACFB-7855D959F3CF}.Release|Any CPU.Build.0 = Release|Any CPU
		{D2053E17-DC34-4271-8913-38E291A979B2}.Debug|Any CPU.ActiveCfg = Debug|Any CPU
		{D2053E17-DC34-4271-8913-38E291A979B2}.Debug|Any CPU.Build.0 = Debug|Any CPU
		{D2053E17-DC34-4271-8913-38E291A979B2}.Release|Any CPU.ActiveCfg = Release|Any CPU
		{D2053E17-DC34-4271-8913-38E291A979B2}.Release|Any CPU.Build.0 = Release|Any CPU
	EndGlobalSection
	GlobalSection(SolutionProperties) = preSolution
		HideSolutionNode = FALSE
	EndGlobalSection
EndGlobal
